
Microsoft Visual Studio Solution File, Format Version 12.00
# Visual Studio Version 17
VisualStudioVersion = 17.12.35521.163 d17.12
MinimumVisualStudioVersion = 10.0.40219.1
Project("{9A19103F-16F7-4668-BE54-9A1E7A4F7556}") = "Ecommerce.Domain", "src\Ecommerce.Domain\Ecommerce.Domain.csproj", "{554AD327-6DBA-4F8F-96F8-81CE7A0C863F}"
EndProject
Project("{9A19103F-16F7-4668-BE54-9A1E7A4F7556}") = "Ecommerce.Application", "src\Ecommerce.Application\Ecommerce.Application.csproj", "{1A94A50E-06DC-43C1-80B5-B662820EC3EB}"
EndProject
Project("{9A19103F-16F7-4668-BE54-9A1E7A4F7556}") = "Ecommerce.EntityFrameworkCore", "src\Ecommerce.EntityFrameworkCore\Ecommerce.EntityFrameworkCore.csproj", "{C956DD76-69C8-4A9C-83EA-D17DF83340FD}"
EndProject
Project("{2150E333-8FDC-42A3-9474-1A3956D46DE8}") = "src", "src", "{CA9AC87F-097E-4F15-8393-4BC07735A5B0}"
EndProject
Project("{2150E333-8FDC-42A3-9474-1A3956D46DE8}") = "test", "test", "{04DBDB01-70F4-4E06-B468-8F87850B22BE}"
EndProject
Project("{9A19103F-16F7-4668-BE54-9A1E7A4F7556}") = "Ecommerce.Application.Tests", "test\Ecommerce.Application.Tests\Ecommerce.Application.Tests.csproj", "{50B2631D-129C-47B3-A587-029CCD6099BC}"
EndProject
Project("{9A19103F-16F7-4668-BE54-9A1E7A4F7556}") = "Ecommerce.Domain.Shared", "src\Ecommerce.Domain.Shared\Ecommerce.Domain.Shared.csproj", "{42F719ED-8413-4895-B5B4-5AB56079BC66}"
EndProject
Project("{9A19103F-16F7-4668-BE54-9A1E7A4F7556}") = "Ecommerce.Application.Contracts", "src\Ecommerce.Application.Contracts\Ecommerce.Application.Contracts.csproj", "{520659C8-C734-4298-A3DA-B539DB9DFC0B}"
EndProject
Project("{9A19103F-16F7-4668-BE54-9A1E7A4F7556}") = "Ecommerce.HttpApi", "src\Ecommerce.HttpApi\Ecommerce.HttpApi.csproj", "{4164BDF7-F527-4E85-9CE6-E3C2D7426A27}"
EndProject
Project("{9A19103F-16F7-4668-BE54-9A1E7A4F7556}") = "Ecommerce.HttpApi.Client", "src\Ecommerce.HttpApi.Client\Ecommerce.HttpApi.Client.csproj", "{3B5A0094-670D-4BB1-BFDD-61B88A8773DC}"
EndProject
Project("{9A19103F-16F7-4668-BE54-9A1E7A4F7556}") = "Ecommerce.AuthServer", "src\Ecommerce.AuthServer\Ecommerce.AuthServer.csproj", "{073C361E-B8F4-49F5-93CC-72A3FF49C026}"
EndProject
Project("{9A19103F-16F7-4668-BE54-9A1E7A4F7556}") = "Ecommerce.HttpApi.Host", "src\Ecommerce.HttpApi.Host\Ecommerce.HttpApi.Host.csproj", "{E6D5BF0E-DE92-4D82-A352-EF04B37CB11C}"
EndProject
Project("{9A19103F-16F7-4668-BE54-9A1E7A4F7556}") = "Ecommerce.EntityFrameworkCore.Tests", "test\Ecommerce.EntityFrameworkCore.Tests\Ecommerce.EntityFrameworkCore.Tests.csproj", "{1FE30EB9-74A9-47F5-A9F6-7B1FAB672D81}"
EndProject
Project("{9A19103F-16F7-4668-BE54-9A1E7A4F7556}") = "Ecommerce.TestBase", "test\Ecommerce.TestBase\Ecommerce.TestBase.csproj", "{91853F21-9CD9-4132-BC29-A7D5D84FFFE7}"
EndProject
Project("{9A19103F-16F7-4668-BE54-9A1E7A4F7556}") = "Ecommerce.Domain.Tests", "test\Ecommerce.Domain.Tests\Ecommerce.Domain.Tests.csproj", "{E512F4D9-9375-480F-A2F6-A46509F9D824}"
EndProject
Project("{9A19103F-16F7-4668-BE54-9A1E7A4F7556}") = "Ecommerce.HttpApi.Client.ConsoleTestApp", "test\Ecommerce.HttpApi.Client.ConsoleTestApp\Ecommerce.HttpApi.Client.ConsoleTestApp.csproj", "{EF480016-9127-4916-8735-D2466BDBC582}"
EndProject
Project("{9A19103F-16F7-4668-BE54-9A1E7A4F7556}") = "Ecommerce.DbMigrator", "src\Ecommerce.DbMigrator\Ecommerce.DbMigrator.csproj", "{AA94D832-1CCC-4715-95A9-A483F23A1A5D}"
EndProject
Project("{2150E333-8FDC-42A3-9474-1A3956D46DE8}") = "admin", "admin", "{D067EF8D-A6B8-4FE6-8E7F-ECAA3EDA9750}"
EndProject
Project("{2150E333-8FDC-42A3-9474-1A3956D46DE8}") = "common", "common", "{D352A977-0F01-4D97-A19F-BE4C5BA81088}"
EndProject
Project("{2150E333-8FDC-42A3-9474-1A3956D46DE8}") = "domain", "domain", "{80FC952A-19B3-4D9B-83F5-F3978193EEA8}"
EndProject
Project("{2150E333-8FDC-42A3-9474-1A3956D46DE8}") = "infrastructure", "infrastructure", "{E6A57408-FCFC-497B-80CC-4C600AA5BA05}"
EndProject
Project("{2150E333-8FDC-42A3-9474-1A3956D46DE8}") = "identity", "identity", "{BC7BB424-F2F6-4FA1-8459-4818AC7BC001}"
EndProject
Project("{2150E333-8FDC-42A3-9474-1A3956D46DE8}") = "public", "public", "{B4C6593A-68A0-43F3-899A-3275111980C7}"
EndProject
Project("{FAE04EC0-301F-11D3-BF4B-00C04F79EFBC}") = "Ecommerce.Admin.Application", "src\Ecommerce.Admin.Application\Ecommerce.Admin.Application.csproj", "{BE215544-6F2D-44F9-A04E-F45E40CB8BB6}"
EndProject
Project("{FAE04EC0-301F-11D3-BF4B-00C04F79EFBC}") = "Ecommerce.Admin.Application.Contracts", "src\Ecommerce.Admin.Application.Contracts\Ecommerce.Admin.Application.Contracts.csproj", "{776E39F5-348B-4F3E-99BE-39A98BFB87F6}"
EndProject
Project("{FAE04EC0-301F-11D3-BF4B-00C04F79EFBC}") = "Ecommerce.Admin.HttpApi", "src\Ecommerce.Admin.HttpApi\Ecommerce.Admin.HttpApi.csproj", "{A2BEE62A-493E-4BA2-A8BD-3C8404094FEE}"
EndProject
Project("{FAE04EC0-301F-11D3-BF4B-00C04F79EFBC}") = "Ecommerce.Admin.HttpApi.Client", "src\Ecommerce.Admin.HttpApi.Client\Ecommerce.Admin.HttpApi.Client.csproj", "{D789C1EE-0418-4062-A252-4B7888DEBBB9}"
EndProject
Project("{FAE04EC0-301F-11D3-BF4B-00C04F79EFBC}") = "Ecommerce.Admin.HttpApi.Host", "src\Ecommerce.Admin.HttpApi.Host\Ecommerce.Admin.HttpApi.Host.csproj", "{F5D9EB8D-4125-4963-B15E-BD1E9D6CF946}"
EndProject
Project("{2150E333-8FDC-42A3-9474-1A3956D46DE8}") = "admin", "admin", "{F68918D4-471E-4D7C-89B4-8EDFE313A1DD}"
EndProject
Project("{2150E333-8FDC-42A3-9474-1A3956D46DE8}") = "public", "public", "{5BEB1AE1-99A3-4A4F-95CE-D9F30C39374C}"
EndProject
Project("{FAE04EC0-301F-11D3-BF4B-00C04F79EFBC}") = "Ecommerce.Admin.Application.Tests", "test\Ecommerce.Admin.Application.Tests\Ecommerce.Admin.Application.Tests.csproj", "{801AE84E-C8B5-407D-9AE8-2908E9534215}"
EndProject
Project("{FAE04EC0-301F-11D3-BF4B-00C04F79EFBC}") = "Ecommerce.Admin.HttpApi.Client.ConsoleTestApp", "test\Ecommerce.Admin.HttpApi.Client.ConsoleTestApp\Ecommerce.Admin.HttpApi.Client.ConsoleTestApp.csproj", "{DC39A4DB-B13D-4071-A459-7F6A4EC13964}"
EndProject
Global
	GlobalSection(SolutionConfigurationPlatforms) = preSolution
		Debug|Any CPU = Debug|Any CPU
		Release|Any CPU = Release|Any CPU
	EndGlobalSection
	GlobalSection(ProjectConfigurationPlatforms) = postSolution
		{554AD327-6DBA-4F8F-96F8-81CE7A0C863F}.Debug|Any CPU.ActiveCfg = Debug|Any CPU
		{554AD327-6DBA-4F8F-96F8-81CE7A0C863F}.Debug|Any CPU.Build.0 = Debug|Any CPU
		{554AD327-6DBA-4F8F-96F8-81CE7A0C863F}.Release|Any CPU.ActiveCfg = Release|Any CPU
		{554AD327-6DBA-4F8F-96F8-81CE7A0C863F}.Release|Any CPU.Build.0 = Release|Any CPU
		{1A94A50E-06DC-43C1-80B5-B662820EC3EB}.Debug|Any CPU.ActiveCfg = Debug|Any CPU
		{1A94A50E-06DC-43C1-80B5-B662820EC3EB}.Debug|Any CPU.Build.0 = Debug|Any CPU
		{1A94A50E-06DC-43C1-80B5-B662820EC3EB}.Release|Any CPU.ActiveCfg = Release|Any CPU
		{1A94A50E-06DC-43C1-80B5-B662820EC3EB}.Release|Any CPU.Build.0 = Release|Any CPU
		{C956DD76-69C8-4A9C-83EA-D17DF83340FD}.Debug|Any CPU.ActiveCfg = Debug|Any CPU
		{C956DD76-69C8-4A9C-83EA-D17DF83340FD}.Debug|Any CPU.Build.0 = Debug|Any CPU
		{C956DD76-69C8-4A9C-83EA-D17DF83340FD}.Release|Any CPU.ActiveCfg = Release|Any CPU
		{C956DD76-69C8-4A9C-83EA-D17DF83340FD}.Release|Any CPU.Build.0 = Release|Any CPU
		{50B2631D-129C-47B3-A587-029CCD6099BC}.Debug|Any CPU.ActiveCfg = Debug|Any CPU
		{50B2631D-129C-47B3-A587-029CCD6099BC}.Debug|Any CPU.Build.0 = Debug|Any CPU
		{50B2631D-129C-47B3-A587-029CCD6099BC}.Release|Any CPU.ActiveCfg = Release|Any CPU
		{50B2631D-129C-47B3-A587-029CCD6099BC}.Release|Any CPU.Build.0 = Release|Any CPU
		{42F719ED-8413-4895-B5B4-5AB56079BC66}.Debug|Any CPU.ActiveCfg = Debug|Any CPU
		{42F719ED-8413-4895-B5B4-5AB56079BC66}.Debug|Any CPU.Build.0 = Debug|Any CPU
		{42F719ED-8413-4895-B5B4-5AB56079BC66}.Release|Any CPU.ActiveCfg = Release|Any CPU
		{42F719ED-8413-4895-B5B4-5AB56079BC66}.Release|Any CPU.Build.0 = Release|Any CPU
		{520659C8-C734-4298-A3DA-B539DB9DFC0B}.Debug|Any CPU.ActiveCfg = Debug|Any CPU
		{520659C8-C734-4298-A3DA-B539DB9DFC0B}.Debug|Any CPU.Build.0 = Debug|Any CPU
		{520659C8-C734-4298-A3DA-B539DB9DFC0B}.Release|Any CPU.ActiveCfg = Release|Any CPU
		{520659C8-C734-4298-A3DA-B539DB9DFC0B}.Release|Any CPU.Build.0 = Release|Any CPU
		{4164BDF7-F527-4E85-9CE6-E3C2D7426A27}.Debug|Any CPU.ActiveCfg = Debug|Any CPU
		{4164BDF7-F527-4E85-9CE6-E3C2D7426A27}.Debug|Any CPU.Build.0 = Debug|Any CPU
		{4164BDF7-F527-4E85-9CE6-E3C2D7426A27}.Release|Any CPU.ActiveCfg = Release|Any CPU
		{4164BDF7-F527-4E85-9CE6-E3C2D7426A27}.Release|Any CPU.Build.0 = Release|Any CPU
		{3B5A0094-670D-4BB1-BFDD-61B88A8773DC}.Debug|Any CPU.ActiveCfg = Debug|Any CPU
		{3B5A0094-670D-4BB1-BFDD-61B88A8773DC}.Debug|Any CPU.Build.0 = Debug|Any CPU
		{3B5A0094-670D-4BB1-BFDD-61B88A8773DC}.Release|Any CPU.ActiveCfg = Release|Any CPU
		{3B5A0094-670D-4BB1-BFDD-61B88A8773DC}.Release|Any CPU.Build.0 = Release|Any CPU
		{073C361E-B8F4-49F5-93CC-72A3FF49C026}.Debug|Any CPU.ActiveCfg = Debug|Any CPU
		{073C361E-B8F4-49F5-93CC-72A3FF49C026}.Debug|Any CPU.Build.0 = Debug|Any CPU
		{073C361E-B8F4-49F5-93CC-72A3FF49C026}.Release|Any CPU.ActiveCfg = Release|Any CPU
		{073C361E-B8F4-49F5-93CC-72A3FF49C026}.Release|Any CPU.Build.0 = Release|Any CPU
		{E6D5BF0E-DE92-4D82-A352-EF04B37CB11C}.Debug|Any CPU.ActiveCfg = Debug|Any CPU
		{E6D5BF0E-DE92-4D82-A352-EF04B37CB11C}.Debug|Any CPU.Build.0 = Debug|Any CPU
		{E6D5BF0E-DE92-4D82-A352-EF04B37CB11C}.Release|Any CPU.ActiveCfg = Release|Any CPU
		{E6D5BF0E-DE92-4D82-A352-EF04B37CB11C}.Release|Any CPU.Build.0 = Release|Any CPU
		{1FE30EB9-74A9-47F5-A9F6-7B1FAB672D81}.Debug|Any CPU.ActiveCfg = Debug|Any CPU
		{1FE30EB9-74A9-47F5-A9F6-7B1FAB672D81}.Debug|Any CPU.Build.0 = Debug|Any CPU
		{1FE30EB9-74A9-47F5-A9F6-7B1FAB672D81}.Release|Any CPU.ActiveCfg = Release|Any CPU
		{1FE30EB9-74A9-47F5-A9F6-7B1FAB672D81}.Release|Any CPU.Build.0 = Release|Any CPU
		{91853F21-9CD9-4132-BC29-A7D5D84FFFE7}.Debug|Any CPU.ActiveCfg = Debug|Any CPU
		{91853F21-9CD9-4132-BC29-A7D5D84FFFE7}.Debug|Any CPU.Build.0 = Debug|Any CPU
		{91853F21-9CD9-4132-BC29-A7D5D84FFFE7}.Release|Any CPU.ActiveCfg = Release|Any CPU
		{91853F21-9CD9-4132-BC29-A7D5D84FFFE7}.Release|Any CPU.Build.0 = Release|Any CPU
		{E512F4D9-9375-480F-A2F6-A46509F9D824}.Debug|Any CPU.ActiveCfg = Debug|Any CPU
		{E512F4D9-9375-480F-A2F6-A46509F9D824}.Debug|Any CPU.Build.0 = Debug|Any CPU
		{E512F4D9-9375-480F-A2F6-A46509F9D824}.Release|Any CPU.ActiveCfg = Release|Any CPU
		{E512F4D9-9375-480F-A2F6-A46509F9D824}.Release|Any CPU.Build.0 = Release|Any CPU
		{EF480016-9127-4916-8735-D2466BDBC582}.Debug|Any CPU.ActiveCfg = Debug|Any CPU
		{EF480016-9127-4916-8735-D2466BDBC582}.Debug|Any CPU.Build.0 = Debug|Any CPU
		{EF480016-9127-4916-8735-D2466BDBC582}.Release|Any CPU.ActiveCfg = Release|Any CPU
		{EF480016-9127-4916-8735-D2466BDBC582}.Release|Any CPU.Build.0 = Release|Any CPU
		{AA94D832-1CCC-4715-95A9-A483F23A1A5D}.Debug|Any CPU.ActiveCfg = Debug|Any CPU
		{AA94D832-1CCC-4715-95A9-A483F23A1A5D}.Debug|Any CPU.Build.0 = Debug|Any CPU
		{AA94D832-1CCC-4715-95A9-A483F23A1A5D}.Release|Any CPU.ActiveCfg = Release|Any CPU
		{AA94D832-1CCC-4715-95A9-A483F23A1A5D}.Release|Any CPU.Build.0 = Release|Any CPU
		{BE215544-6F2D-44F9-A04E-F45E40CB8BB6}.Debug|Any CPU.ActiveCfg = Debug|Any CPU
		{BE215544-6F2D-44F9-A04E-F45E40CB8BB6}.Debug|Any CPU.Build.0 = Debug|Any CPU
		{BE215544-6F2D-44F9-A04E-F45E40CB8BB6}.Release|Any CPU.ActiveCfg = Release|Any CPU
		{BE215544-6F2D-44F9-A04E-F45E40CB8BB6}.Release|Any CPU.Build.0 = Release|Any CPU
		{776E39F5-348B-4F3E-99BE-39A98BFB87F6}.Debug|Any CPU.ActiveCfg = Debug|Any CPU
		{776E39F5-348B-4F3E-99BE-39A98BFB87F6}.Debug|Any CPU.Build.0 = Debug|Any CPU
		{776E39F5-348B-4F3E-99BE-39A98BFB87F6}.Release|Any CPU.ActiveCfg = Release|Any CPU
		{776E39F5-348B-4F3E-99BE-39A98BFB87F6}.Release|Any CPU.Build.0 = Release|Any CPU
		{A2BEE62A-493E-4BA2-A8BD-3C8404094FEE}.Debug|Any CPU.ActiveCfg = Debug|Any CPU
		{A2BEE62A-493E-4BA2-A8BD-3C8404094FEE}.Debug|Any CPU.Build.0 = Debug|Any CPU
		{A2BEE62A-493E-4BA2-A8BD-3C8404094FEE}.Release|Any CPU.ActiveCfg = Release|Any CPU
		{A2BEE62A-493E-4BA2-A8BD-3C8404094FEE}.Release|Any CPU.Build.0 = Release|Any CPU
		{D789C1EE-0418-4062-A252-4B7888DEBBB9}.Debug|Any CPU.ActiveCfg = Debug|Any CPU
		{D789C1EE-0418-4062-A252-4B7888DEBBB9}.Debug|Any CPU.Build.0 = Debug|Any CPU
		{D789C1EE-0418-4062-A252-4B7888DEBBB9}.Release|Any CPU.ActiveCfg = Release|Any CPU
		{D789C1EE-0418-4062-A252-4B7888DEBBB9}.Release|Any CPU.Build.0 = Release|Any CPU
		{F5D9EB8D-4125-4963-B15E-BD1E9D6CF946}.Debug|Any CPU.ActiveCfg = Debug|Any CPU
		{F5D9EB8D-4125-4963-B15E-BD1E9D6CF946}.Debug|Any CPU.Build.0 = Debug|Any CPU
		{F5D9EB8D-4125-4963-B15E-BD1E9D6CF946}.Release|Any CPU.ActiveCfg = Release|Any CPU
		{F5D9EB8D-4125-4963-B15E-BD1E9D6CF946}.Release|Any CPU.Build.0 = Release|Any CPU
		{801AE84E-C8B5-407D-9AE8-2908E9534215}.Debug|Any CPU.ActiveCfg = Debug|Any CPU
		{801AE84E-C8B5-407D-9AE8-2908E9534215}.Debug|Any CPU.Build.0 = Debug|Any CPU
		{801AE84E-C8B5-407D-9AE8-2908E9534215}.Release|Any CPU.ActiveCfg = Release|Any CPU
		{801AE84E-C8B5-407D-9AE8-2908E9534215}.Release|Any CPU.Build.0 = Release|Any CPU
		{DC39A4DB-B13D-4071-A459-7F6A4EC13964}.Debug|Any CPU.ActiveCfg = Debug|Any CPU
		{DC39A4DB-B13D-4071-A459-7F6A4EC13964}.Debug|Any CPU.Build.0 = Debug|Any CPU
		{DC39A4DB-B13D-4071-A459-7F6A4EC13964}.Release|Any CPU.ActiveCfg = Release|Any CPU
		{DC39A4DB-B13D-4071-A459-7F6A4EC13964}.Release|Any CPU.Build.0 = Release|Any CPU
	EndGlobalSection
	GlobalSection(SolutionProperties) = preSolution
		HideSolutionNode = FALSE
	EndGlobalSection
	GlobalSection(NestedProjects) = preSolution
		{554AD327-6DBA-4F8F-96F8-81CE7A0C863F} = {80FC952A-19B3-4D9B-83F5-F3978193EEA8}
		{1A94A50E-06DC-43C1-80B5-B662820EC3EB} = {B4C6593A-68A0-43F3-899A-3275111980C7}
		{C956DD76-69C8-4A9C-83EA-D17DF83340FD} = {E6A57408-FCFC-497B-80CC-4C600AA5BA05}
		{50B2631D-129C-47B3-A587-029CCD6099BC} = {5BEB1AE1-99A3-4A4F-95CE-D9F30C39374C}
		{42F719ED-8413-4895-B5B4-5AB56079BC66} = {80FC952A-19B3-4D9B-83F5-F3978193EEA8}
		{520659C8-C734-4298-A3DA-B539DB9DFC0B} = {B4C6593A-68A0-43F3-899A-3275111980C7}
		{4164BDF7-F527-4E85-9CE6-E3C2D7426A27} = {B4C6593A-68A0-43F3-899A-3275111980C7}
		{3B5A0094-670D-4BB1-BFDD-61B88A8773DC} = {B4C6593A-68A0-43F3-899A-3275111980C7}
		{073C361E-B8F4-49F5-93CC-72A3FF49C026} = {BC7BB424-F2F6-4FA1-8459-4818AC7BC001}
		{E6D5BF0E-DE92-4D82-A352-EF04B37CB11C} = {B4C6593A-68A0-43F3-899A-3275111980C7}
		{1FE30EB9-74A9-47F5-A9F6-7B1FAB672D81} = {04DBDB01-70F4-4E06-B468-8F87850B22BE}
		{91853F21-9CD9-4132-BC29-A7D5D84FFFE7} = {04DBDB01-70F4-4E06-B468-8F87850B22BE}
		{E512F4D9-9375-480F-A2F6-A46509F9D824} = {04DBDB01-70F4-4E06-B468-8F87850B22BE}
		{EF480016-9127-4916-8735-D2466BDBC582} = {5BEB1AE1-99A3-4A4F-95CE-D9F30C39374C}
		{AA94D832-1CCC-4715-95A9-A483F23A1A5D} = {E6A57408-FCFC-497B-80CC-4C600AA5BA05}
		{D067EF8D-A6B8-4FE6-8E7F-ECAA3EDA9750} = {CA9AC87F-097E-4F15-8393-4BC07735A5B0}
		{D352A977-0F01-4D97-A19F-BE4C5BA81088} = {CA9AC87F-097E-4F15-8393-4BC07735A5B0}
		{80FC952A-19B3-4D9B-83F5-F3978193EEA8} = {D352A977-0F01-4D97-A19F-BE4C5BA81088}
		{E6A57408-FCFC-497B-80CC-4C600AA5BA05} = {D352A977-0F01-4D97-A19F-BE4C5BA81088}
		{BC7BB424-F2F6-4FA1-8459-4818AC7BC001} = {CA9AC87F-097E-4F15-8393-4BC07735A5B0}
		{B4C6593A-68A0-43F3-899A-3275111980C7} = {CA9AC87F-097E-4F15-8393-4BC07735A5B0}
		{BE215544-6F2D-44F9-A04E-F45E40CB8BB6} = {D067EF8D-A6B8-4FE6-8E7F-ECAA3EDA9750}
		{776E39F5-348B-4F3E-99BE-39A98BFB87F6} = {D067EF8D-A6B8-4FE6-8E7F-ECAA3EDA9750}
		{A2BEE62A-493E-4BA2-A8BD-3C8404094FEE} = {D067EF8D-A6B8-4FE6-8E7F-ECAA3EDA9750}
		{D789C1EE-0418-4062-A252-4B7888DEBBB9} = {D067EF8D-A6B8-4FE6-8E7F-ECAA3EDA9750}
		{F5D9EB8D-4125-4963-B15E-BD1E9D6CF946} = {D067EF8D-A6B8-4FE6-8E7F-ECAA3EDA9750}
		{F68918D4-471E-4D7C-89B4-8EDFE313A1DD} = {04DBDB01-70F4-4E06-B468-8F87850B22BE}
		{5BEB1AE1-99A3-4A4F-95CE-D9F30C39374C} = {04DBDB01-70F4-4E06-B468-8F87850B22BE}
		{801AE84E-C8B5-407D-9AE8-2908E9534215} = {F68918D4-471E-4D7C-89B4-8EDFE313A1DD}
		{DC39A4DB-B13D-4071-A459-7F6A4EC13964} = {F68918D4-471E-4D7C-89B4-8EDFE313A1DD}
	EndGlobalSection
	GlobalSection(ExtensibilityGlobals) = postSolution
		SolutionGuid = {28315BFD-90E7-4E14-A2EA-F3D23AF4126F}
	EndGlobalSection
EndGlobal
